// !$*UTF8*$!
{
	archiveVersion = 1;
	classes = {
	};
	objectVersion = 46;
	objects = {

/* Begin PBXBuildFile section */
		AEFD2B9E19C6891600761D1A /* AppDelegate.swift in Sources */ = {isa = PBXBuildFile; fileRef = AEFD2B9D19C6891600761D1A /* AppDelegate.swift */; };
		AEFD2BA019C6891600761D1A /* ViewController.swift in Sources */ = {isa = PBXBuildFile; fileRef = AEFD2B9F19C6891600761D1A /* ViewController.swift */; };
		AEFD2BA319C6891600761D1A /* Main.storyboard in Resources */ = {isa = PBXBuildFile; fileRef = AEFD2BA119C6891600761D1A /* Main.storyboard */; };
		AEFD2BA519C6891600761D1A /* Images.xcassets in Resources */ = {isa = PBXBuildFile; fileRef = AEFD2BA419C6891600761D1A /* Images.xcassets */; };
		AEFD2BA819C6891600761D1A /* LaunchScreen.xib in Resources */ = {isa = PBXBuildFile; fileRef = AEFD2BA619C6891600761D1A /* LaunchScreen.xib */; };
		AEFD2BB419C6891600761D1A /* MyFirstAppTests.swift in Sources */ = {isa = PBXBuildFile; fileRef = AEFD2BB319C6891600761D1A /* MyFirstAppTests.swift */; };
		AEFD2BBE19C68C1600761D1A /* ScreenOne.swift in Sources */ = {isa = PBXBuildFile; fileRef = AEFD2BBD19C68C1600761D1A /* ScreenOne.swift */; };
/* End PBXBuildFile section */

/* Begin PBXContainerItemProxy section */
		AEFD2BAE19C6891600761D1A /* PBXContainerItemProxy */ = {
			isa = PBXContainerItemProxy;
			containerPortal = AEFD2B9019C6891600761D1A /* Project object */;
			proxyType = 1;
			remoteGlobalIDString = AEFD2B9719C6891600761D1A;
			remoteInfo = MyFirstApp;
		};
/* End PBXContainerItemProxy section */

/* Begin PBXFileReference section */
		AEFD2B9819C6891600761D1A /* MyFirstApp.app */ = {isa = PBXFileReference; explicitFileType = wrapper.application; includeInIndex = 0; path = MyFirstApp.app; sourceTree = BUILT_PRODUCTS_DIR; };
		AEFD2B9C19C6891600761D1A /* Info.plist */ = {isa = PBXFileReference; lastKnownFileType = text.plist.xml; path = Info.plist; sourceTree = "<group>"; };
		AEFD2B9D19C6891600761D1A /* AppDelegate.swift */ = {isa = PBXFileReference; lastKnownFileType = sourcecode.swift; path = AppDelegate.swift; sourceTree = "<group>"; };
		AEFD2B9F19C6891600761D1A /* ViewController.swift */ = {isa = PBXFileReference; lastKnownFileType = sourcecode.swift; path = ViewController.swift; sourceTree = "<group>"; };
		AEFD2BA219C6891600761D1A /* Base */ = {isa = PBXFileReference; lastKnownFileType = file.storyboard; name = Base; path = Base.lproj/Main.storyboard; sourceTree = "<group>"; };
		AEFD2BA419C6891600761D1A /* Images.xcassets */ = {isa = PBXFileReference; lastKnownFileType = folder.assetcatalog; path = Images.xcassets; sourceTree = "<group>"; };
		AEFD2BA719C6891600761D1A /* Base */ = {isa = PBXFileReference; lastKnownFileType = file.xib; name = Base; path = Base.lproj/LaunchScreen.xib; sourceTree = "<group>"; };
		AEFD2BAD19C6891600761D1A /* MyFirstAppTests.xctest */ = {isa = PBXFileReference; explicitFileType = wrapper.cfbundle; includeInIndex = 0; path = MyFirstAppTests.xctest; sourceTree = BUILT_PRODUCTS_DIR; };
		AEFD2BB219C6891600761D1A /* Info.plist */ = {isa = PBXFileReference; lastKnownFileType = text.plist.xml; path = Info.plist; sourceTree = "<group>"; };
		AEFD2BB319C6891600761D1A /* MyFirstAppTests.swift */ = {isa = PBXFileReference; lastKnownFileType = sourcecode.swift; path = MyFirstAppTests.swift; sourceTree = "<group>"; };
		AEFD2BBD19C68C1600761D1A /* ScreenOne.swift */ = {isa = PBXFileReference; fileEncoding = 4; lastKnownFileType = sourcecode.swift; path = ScreenOne.swift; sourceTree = "<group>"; };
/* End PBXFileReference section */

/* Begin PBXFrameworksBuildPhase section */
		AEFD2B9519C6891600761D1A /* Frameworks */ = {
			isa = PBXFrameworksBuildPhase;
			buildActionMask = 2147483647;
			files = (
			);
			runOnlyForDeploymentPostprocessing = 0;
		};
		AEFD2BAA19C6891600761D1A /* Frameworks */ = {
			isa = PBXFrameworksBuildPhase;
			buildActionMask = 2147483647;
			files = (
			);
			runOnlyForDeploymentPostprocessing = 0;
		};
/* End PBXFrameworksBuildPhase section */

/* Begin PBXGroup section */
		AEFD2B8F19C6891600761D1A = {
			isa = PBXGroup;
			children = (
				AEFD2B9A19C6891600761D1A /* MyFirstApp */,
				AEFD2BB019C6891600761D1A /* MyFirstAppTests */,
				AEFD2B9919C6891600761D1A /* Products */,
			);
			sourceTree = "<group>";
		};
		AEFD2B9919C6891600761D1A /* Products */ = {
			isa = PBXGroup;
			children = (
				AEFD2B9819C6891600761D1A /* MyFirstApp.app */,
				AEFD2BAD19C6891600761D1A /* MyFirstAppTests.xctest */,
			);
			name = Products;
			sourceTree = "<group>";
		};
		AEFD2B9A19C6891600761D1A /* MyFirstApp */ = {
			isa = PBXGroup;
			children = (
				AEFD2B9D19C6891600761D1A /* AppDelegate.swift */,
				AEFD2B9F19C6891600761D1A /* ViewController.swift */,
				AEFD2BBD19C68C1600761D1A /* ScreenOne.swift */,
				AEFD2BA119C6891600761D1A /* Main.storyboard */,
				AEFD2BA419C6891600761D1A /* Images.xcassets */,
				AEFD2BA619C6891600761D1A /* LaunchScreen.xib */,
				AEFD2B9B19C6891600761D1A /* Supporting Files */,
			);
			path = MyFirstApp;
			sourceTree = "<group>";
		};
		AEFD2B9B19C6891600761D1A /* Supporting Files */ = {
			isa = PBXGroup;
			children = (
				AEFD2B9C19C6891600761D1A /* Info.plist */,
			);
			name = "Supporting Files";
			sourceTree = "<group>";
		};
		AEFD2BB019C6891600761D1A /* MyFirstAppTests */ = {
			isa = PBXGroup;
			children = (
				AEFD2BB319C6891600761D1A /* MyFirstAppTests.swift */,
				AEFD2BB119C6891600761D1A /* Supporting Files */,
			);
			path = MyFirstAppTests;
			sourceTree = "<group>";
		};
		AEFD2BB119C6891600761D1A /* Supporting Files */ = {
			isa = PBXGroup;
			children = (
				AEFD2BB219C6891600761D1A /* Info.plist */,
			);
			name = "Supporting Files";
			sourceTree = "<group>";
		};
/* End PBXGroup section */

/* Begin PBXNativeTarget section */
		AEFD2B9719C6891600761D1A /* MyFirstApp */ = {
			isa = PBXNativeTarget;
			buildConfigurationList = AEFD2BB719C6891600761D1A /* Build configuration list for PBXNativeTarget "MyFirstApp" */;
			buildPhases = (
				AEFD2B9419C6891600761D1A /* Sources */,
				AEFD2B9519C6891600761D1A /* Frameworks */,
				AEFD2B9619C6891600761D1A /* Resources */,
			);
			buildRules = (
			);
			dependencies = (
			);
			name = MyFirstApp;
			productName = MyFirstApp;
			productReference = AEFD2B9819C6891600761D1A /* MyFirstApp.app */;
			productType = "com.apple.product-type.application";
		};
		AEFD2BAC19C6891600761D1A /* MyFirstAppTests */ = {
			isa = PBXNativeTarget;
			buildConfigurationList = AEFD2BBA19C6891600761D1A /* Build configuration list for PBXNativeTarget "MyFirstAppTests" */;
			buildPhases = (
				AEFD2BA919C6891600761D1A /* Sources */,
				AEFD2BAA19C6891600761D1A /* Frameworks */,
				AEFD2BAB19C6891600761D1A /* Resources */,
			);
			buildRules = (
			);
			dependencies = (
				AEFD2BAF19C6891600761D1A /* PBXTargetDependency */,
			);
			name = MyFirstAppTests;
			productName = MyFirstAppTests;
			productReference = AEFD2BAD19C6891600761D1A /* MyFirstAppTests.xctest */;
			productType = "com.apple.product-type.bundle.unit-test";
		};
/* End PBXNativeTarget section */

/* Begin PBXProject section */
		AEFD2B9019C6891600761D1A /* Project object */ = {
			isa = PBXProject;
			attributes = {
				LastUpgradeCheck = 0600;
				ORGANIZATIONNAME = "Karl Oscar Weber";
				TargetAttributes = {
					AEFD2B9719C6891600761D1A = {
						CreatedOnToolsVersion = 6.0;
					};
					AEFD2BAC19C6891600761D1A = {
						CreatedOnToolsVersion = 6.0;
						TestTargetID = AEFD2B9719C6891600761D1A;
					};
				};
			};
			buildConfigurationList = AEFD2B9319C6891600761D1A /* Build configuration list for PBXProject "MyFirstApp" */;
			compatibilityVersion = "Xcode 3.2";
			developmentRegion = English;
			hasScannedForEncodings = 0;
			knownRegions = (
				en,
				Base,
			);
			mainGroup = AEFD2B8F19C6891600761D1A;
			productRefGroup = AEFD2B9919C6891600761D1A /* Products */;
			projectDirPath = "";
			projectRoot = "";
			targets = (
				AEFD2B9719C6891600761D1A /* MyFirstApp */,
				AEFD2BAC19C6891600761D1A /* MyFirstAppTests */,
			);
		};
/* End PBXProject section */

/* Begin PBXResourcesBuildPhase section */
		AEFD2B9619C6891600761D1A /* Resources */ = {
			isa = PBXResourcesBuildPhase;
			buildActionMask = 2147483647;
			files = (
				AEFD2BA319C6891600761D1A /* Main.storyboard in Resources */,
				AEFD2BA819C6891600761D1A /* LaunchScreen.xib in Resources */,
				AEFD2BA519C6891600761D1A /* Images.xcassets in Resources */,
			);
			runOnlyForDeploymentPostprocessing = 0;
		};
		AEFD2BAB19C6891600761D1A /* Resources */ = {
			isa = PBXResourcesBuildPhase;
			buildActionMask = 2147483647;
			files = (
			);
			runOnlyForDeploymentPostprocessing = 0;
		};
/* End PBXResourcesBuildPhase section */

/* Begin PBXSourcesBuildPhase section */
		AEFD2B9419C6891600761D1A /* Sources */ = {
			isa = PBXSourcesBuildPhase;
			buildActionMask = 2147483647;
			files = (
				AEFD2BBE19C68C1600761D1A /* ScreenOne.swift in Sources */,
				AEFD2BA019C6891600761D1A /* ViewController.swift in Sources */,
				AEFD2B9E19C6891600761D1A /* AppDelegate.swift in Sources */,
			);
			runOnlyForDeploymentPostprocessing = 0;
		};
		AEFD2BA919C6891600761D1A /* Sources */ = {
			isa = PBXSourcesBuildPhase;
			buildActionMask = 2147483647;
			files = (
				AEFD2BB419C6891600761D1A /* MyFirstAppTests.swift in Sources */,
			);
			runOnlyForDeploymentPostprocessing = 0;
		};
/* End PBXSourcesBuildPhase section */

/* Begin PBXTargetDependency section */
		AEFD2BAF19C6891600761D1A /* PBXTargetDependency */ = {
			isa = PBXTargetDependency;
			target = AEFD2B9719C6891600761D1A /* MyFirstApp */;
			targetProxy = AEFD2BAE19C6891600761D1A /* PBXContainerItemProxy */;
		};
/* End PBXTargetDependency section */

/* Begin PBXVariantGroup section */
		AEFD2BA119C6891600761D1A /* Main.storyboard */ = {
			isa = PBXVariantGroup;
			children = (
				AEFD2BA219C6891600761D1A /* Base */,
			);
			name = Main.storyboard;
			sourceTree = "<group>";
		};
		AEFD2BA619C6891600761D1A /* LaunchScreen.xib */ = {
			isa = PBXVariantGroup;
			children = (
				AEFD2BA719C6891600761D1A /* Base */,
			);
			name = LaunchScreen.xib;
			sourceTree = "<group>";
		};
/* End PBXVariantGroup section */

/* Begin XCBuildConfiguration section */
		AEFD2BB519C6891600761D1A /* Debug */ = {
			isa = XCBuildConfiguration;
			buildSettings = {
				ALWAYS_SEARCH_USER_PATHS = NO;
				CLANG_CXX_LANGUAGE_STANDARD = "gnu++0x";
				CLANG_CXX_LIBRARY = "libc++";
				CLANG_ENABLE_MODULES = YES;
				CLANG_ENABLE_OBJC_ARC = YES;
				CLANG_WARN_BOOL_CONVERSION = YES;
				CLANG_WARN_CONSTANT_CONVERSION = YES;
				CLANG_WARN_DIRECT_OBJC_ISA_USAGE = YES_ERROR;
				CLANG_WARN_EMPTY_BODY = YES;
				CLANG_WARN_ENUM_CONVERSION = YES;
				CLANG_WARN_INT_CONVERSION = YES;
				CLANG_WARN_OBJC_ROOT_CLASS = YES_ERROR;
				CLANG_WARN_UNREACHABLE_CODE = YES;
				CLANG_WARN__DUPLICATE_METHOD_MATCH = YES;
				"CODE_SIGN_IDENTITY[sdk=iphoneos*]" = "iPhone Developer";
				COPY_PHASE_STRIP = NO;
				ENABLE_STRICT_OBJC_MSGSEND = YES;
				GCC_C_LANGUAGE_STANDARD = gnu99;
				GCC_DYNAMIC_NO_PIC = NO;
				GCC_OPTIMIZATION_LEVEL = 0;
				GCC_PREPROCESSOR_DEFINITIONS = (
					"DEBUG=1",
					"$(inherited)",
				);
				GCC_SYMBOLS_PRIVATE_EXTERN = NO;
				GCC_WARN_64_TO_32_BIT_CONVERSION = YES;
				GCC_WARN_ABOUT_RETURN_TYPE = YES_ERROR;
				GCC_WARN_UNDECLARED_SELECTOR = YES;
				GCC_WARN_UNINITIALIZED_AUTOS = YES_AGGRESSIVE;
				GCC_WARN_UNUSED_FUNCTION = YES;
				GCC_WARN_UNUSED_VARIABLE = YES;
				IPHONEOS_DEPLOYMENT_TARGET = 8.0;
				MTL_ENABLE_DEBUG_INFO = YES;
				ONLY_ACTIVE_ARCH = YES;
				SDKROOT = iphoneos;
				SWIFT_OPTIMIZATION_LEVEL = "-Onone";
			};
			name = Debug;
		};
		AEFD2BB619C6891600761D1A /* Release */ = {
			isa = XCBuildConfiguration;
			buildSettings = {
				ALWAYS_SEARCH_USER_PATHS = NO;
				CLANG_CXX_LANGUAGE_STANDARD = "gnu++0x";
				CLANG_CXX_LIBRARY = "libc++";
				CLANG_ENABLE_MODULES = YES;
				CLANG_ENABLE_OBJC_ARC = YES;
				CLANG_WARN_BOOL_CONVERSION = YES;
				CLANG_WARN_CONSTANT_CONVERSION = YES;
				CLANG_WARN_DIRECT_OBJC_ISA_USAGE = YES_ERROR;
				CLANG_WARN_EMPTY_BODY = YES;
				CLANG_WARN_ENUM_CONVERSION = YES;
				CLANG_WARN_INT_CONVERSION = YES;
				CLANG_WARN_OBJC_ROOT_CLASS = YES_ERROR;
				CLANG_WARN_UNREACHABLE_CODE = YES;
				CLANG_WARN__DUPLICATE_METHOD_MATCH = YES;
				"CODE_SIGN_IDENTITY[sdk=iphoneos*]" = "iPhone Developer";
				COPY_PHASE_STRIP = YES;
				ENABLE_NS_ASSERTIONS = NO;
				ENABLE_STRICT_OBJC_MSGSEND = YES;
				GCC_C_LANGUAGE_STANDARD = gnu99;
				GCC_WARN_64_TO_32_BIT_CONVERSION = YES;
				GCC_WARN_ABOUT_RETURN_TYPE = YES_ERROR;
				GCC_WARN_UNDECLARED_SELECTOR = YES;
				GCC_WARN_UNINITIALIZED_AUTOS = YES_AGGRESSIVE;
				GCC_WARN_UNUSED_FUNCTION = YES;
				GCC_WARN_UNUSED_VARIABLE = YES;
				IPHONEOS_DEPLOYMENT_TARGET = 8.0;
				MTL_ENABLE_DEBUG_INFO = NO;
				SDKROOT = iphoneos;
				VALIDATE_PRODUCT = YES;
			};
			name = Release;
		};
		AEFD2BB819C6891600761D1A /* Debug */ = {
			isa = XCBuildConfiguration;
			buildSettings = {
				INFOPLIST_FILE = MyFirstApp/Info.plist;
				IPHONEOS_DEPLOYMENT_TARGET = 7.1;
				LD_RUNPATH_SEARCH_PATHS = "$(inherited) @executable_path/Frameworks";
				PRODUCT_NAME = "$(TARGET_NAME)";
			};
			name = Debug;
		};
		AEFD2BB919C6891600761D1A /* Release */ = {
			isa = XCBuildConfiguration;
			buildSettings = {
				INFOPLIST_FILE = MyFirstApp/Info.plist;
				IPHONEOS_DEPLOYMENT_TARGET = 7.1;
				LD_RUNPATH_SEARCH_PATHS = "$(inherited) @executable_path/Frameworks";
				PRODUCT_NAME = "$(TARGET_NAME)";
			};
			name = Release;
		};
		AEFD2BBB19C6891600761D1A /* Debug */ = {
			isa = XCBuildConfiguration;
			buildSettings = {
				BUNDLE_LOADER = "$(TEST_HOST)";
				FRAMEWORK_SEARCH_PATHS = (
					"$(SDKROOT)/Developer/Library/Frameworks",
					"$(inherited)",
				);
				GCC_PREPROCESSOR_DEFINITIONS = (
					"DEBUG=1",
					"$(inherited)",
				);
				INFOPLIST_FILE = MyFirstAppTests/Info.plist;
				LD_RUNPATH_SEARCH_PATHS = "$(inherited) @executable_path/Frameworks @loader_path/Frameworks";
				PRODUCT_NAME = "$(TARGET_NAME)";
				TEST_HOST = "$(BUILT_PRODUCTS_DIR)/MyFirstApp.app/MyFirstApp";
			};
			name = Debug;
		};
		AEFD2BBC19C6891600761D1A /* Release */ = {
			isa = XCBuildConfiguration;
			buildSettings = {
				BUNDLE_LOADER = "$(TEST_HOST)";
				FRAMEWORK_SEARCH_PATHS = (
					"$(SDKROOT)/Developer/Library/Frameworks",
					"$(inherited)",
				);
				INFOPLIST_FILE = MyFirstAppTests/Info.plist;
				LD_RUNPATH_SEARCH_PATHS = "$(inherited) @executable_path/Frameworks @loader_path/Frameworks";
				PRODUCT_NAME = "$(TARGET_NAME)";
				TEST_HOST = "$(BUILT_PRODUCTS_DIR)/MyFirstApp.app/MyFirstApp";
			};
			name = Release;
		};
/* End XCBuildConfiguration section */

/* Begin XCConfigurationList section */
		AEFD2B9319C6891600761D1A /* Build configuration list for PBXProject "MyFirstApp" */ = {
			isa = XCConfigurationList;
			buildConfigurations = (
				AEFD2BB519C6891600761D1A /* Debug */,
				AEFD2BB619C6891600761D1A /* Release */,
			);
			defaultConfigurationIsVisible = 0;
			defaultConfigurationName = Release;
		};
		AEFD2BB719C6891600761D1A /* Build configuration list for PBXNativeTarget "MyFirstApp" */ = {
			isa = XCConfigurationList;
			buildConfigurations = (
				AEFD2BB819C6891600761D1A /* Debug */,
				AEFD2BB919C6891600761D1A /* Release */,
			);
			defaultConfigurationIsVisible = 0;
			defaultConfigurationName = Release;
		};
		AEFD2BBA19C6891600761D1A /* Build configuration list for PBXNativeTarget "MyFirstAppTests" */ = {
			isa = XCConfigurationList;
			buildConfigurations = (
				AEFD2BBB19C6891600761D1A /* Debug */,
				AEFD2BBC19C6891600761D1A /* Release */,
			);
			defaultConfigurationIsVisible = 0;
			defaultConfigurationName = Release;
		};
/* End XCConfigurationList section */
	};
	rootObject = AEFD2B9019C6891600761D1A /* Project object */;
}
